[[package]]
category = "main"
description = "Async http client/server framework (asyncio)"
name = "aiohttp"
optional = false
python-versions = ">=3.5.3"
version = "3.5.4"

[package.dependencies]
async-timeout = ">=3.0,<4.0"
attrs = ">=17.3.0"
chardet = ">=2.0,<4.0"
multidict = ">=4.0,<5.0"
yarl = ">=1.0,<2.0"

[[package]]
category = "main"
description = "Timeout context manager for asyncio programs"
name = "async-timeout"
optional = false
python-versions = ">=3.5.3"
version = "3.0.1"

[[package]]
category = "main"
description = "Classes Without Boilerplate"
name = "attrs"
optional = false
python-versions = ">=2.7, !=3.0.*, !=3.1.*, !=3.2.*, !=3.3.*"
version = "19.3.0"

[[package]]
category = "main"
description = "Universal encoding detector for Python 2 and 3"
name = "chardet"
optional = false
python-versions = "*"
version = "3.0.4"

[[package]]
category = "main"
description = "A mirror package for discord.py. Please install that instead."
name = "discord"
optional = false
python-versions = "*"
version = "1.0.1"

[package.dependencies]
"discord.py" = ">=1.0.1"

[[package]]
category = "main"
description = "A python wrapper for the Discord API"
name = "discord.py"
optional = false
python-versions = ">=3.5.3"
version = "1.2.5"

[package.dependencies]
aiohttp = ">=3.3.0,<3.6.0"
websockets = ">=6.0,<7.0"

[[package]]
category = "main"
description = "DNS toolkit"
name = "dnspython"
optional = false
python-versions = ">=2.7, !=3.0.*, !=3.1.*, !=3.2.*, !=3.3.*"
version = "1.16.0"

[[package]]
category = "main"
description = "Backport of the concurrent.futures package from Python 3.2"
name = "futures"
optional = false
python-versions = "*"
version = "3.1.1"

[[package]]
category = "main"
description = "Internationalized Domain Names in Applications (IDNA)"
name = "idna"
optional = false
python-versions = ">=2.7, !=3.0.*, !=3.1.*, !=3.2.*, !=3.3.*"
version = "2.8"

[[package]]
category = "main"
description = "A very fast and expressive template engine."
name = "jinja2"
optional = false
python-versions = "*"
version = "2.10.3"

[package.dependencies]
MarkupSafe = ">=0.23"

[[package]]
category = "main"
description = "Safely add untrusted strings to HTML/XML markup."
name = "markupsafe"
optional = false
python-versions = ">=2.7,!=3.0.*,!=3.1.*,!=3.2.*,!=3.3.*"
version = "1.1.1"

[[package]]
category = "main"
description = "Non-blocking MongoDB driver for Tornado or asyncio"
name = "motor"
optional = false
python-versions = "*"
version = "2.1.0"

[package.dependencies]
futures = "*"
pymongo = ">=3.10,<4"

[[package]]
category = "main"
description = "multidict implementation"
name = "multidict"
optional = false
python-versions = ">=3.5"
version = "4.7.3"

[[package]]
category = "main"
description = "Python driver for MongoDB <http://www.mongodb.org>"
name = "pymongo"
optional = false
python-versions = "*"
version = "3.10.0"

[[package]]
category = "main"
description = "An implementation of the WebSocket Protocol (RFC 6455 & 7692)"
name = "websockets"
optional = false
python-versions = ">=3.4"
version = "6.0"

[[package]]
category = "main"
description = "Yet another URL library"
name = "yarl"
optional = false
python-versions = ">=3.5"
version = "1.4.2"

[package.dependencies]
idna = ">=2.0"
multidict = ">=4.0"

[metadata]
content-hash = "2d1182b099106af73bd9309456ca8f1d575cab7865b59d16d9b7e1d60350db74"
python-versions = "^3.7"

[metadata.hashes]
aiohttp = ["00d198585474299c9c3b4f1d5de1a576cc230d562abc5e4a0e81d71a20a6ca55", "0155af66de8c21b8dba4992aaeeabf55503caefae00067a3b1139f86d0ec50ed", "09654a9eca62d1bd6d64aa44db2498f60a5c1e0ac4750953fdd79d5c88955e10", "199f1d106e2b44b6dacdf6f9245493c7d716b01d0b7fbe1959318ba4dc64d1f5", "296f30dedc9f4b9e7a301e5cc963012264112d78a1d3094cd83ef148fdf33ca1", "368ed312550bd663ce84dc4b032a962fcb3c7cae099dbbd48663afc305e3b939", "40d7ea570b88db017c51392349cf99b7aefaaddd19d2c78368aeb0bddde9d390", "629102a193162e37102c50713e2e31dc9a2fe7ac5e481da83e5bb3c0cee700aa", "6d5ec9b8948c3d957e75ea14d41e9330e1ac3fed24ec53766c780f82805140dc", "87331d1d6810214085a50749160196391a712a13336cd02ce1c3ea3d05bcf8d5", "9a02a04bbe581c8605ac423ba3a74999ec9d8bce7ae37977a3d38680f5780b6d", "9c4c83f4fa1938377da32bc2d59379025ceeee8e24b89f72fcbccd8ca22dc9bf", "9cddaff94c0135ee627213ac6ca6d05724bfe6e7a356e5e09ec57bd3249510f6", "a25237abf327530d9561ef751eef9511ab56fd9431023ca6f4803f1994104d72", "a5cbd7157b0e383738b8e29d6e556fde8726823dae0e348952a61742b21aeb12", "a97a516e02b726e089cffcde2eea0d3258450389bbac48cbe89e0f0b6e7b0366", "acc89b29b5f4e2332d65cd1b7d10c609a75b88ef8925d487a611ca788432dfa4", "b05bd85cc99b06740aad3629c2585bda7b83bd86e080b44ba47faf905fdf1300", "c2bec436a2b5dafe5eaeb297c03711074d46b6eb236d002c13c42f25c4a8ce9d", "cc619d974c8c11fe84527e4b5e1c07238799a8c29ea1c1285149170524ba9303", "d4392defd4648badaa42b3e101080ae3313e8f4787cb517efd3f5b8157eaefd6", "e1c3c582ee11af7f63a34a46f0448fca58e59889396ffdae1f482085061a2889"]
async-timeout = ["0c3c816a028d47f659d6ff5c745cb2acf1f966da1fe5c19c77a70282b25f4c5f", "4291ca197d287d274d0b6cb5d6f8f8f82d434ed288f962539ff18cc9012f9ea3"]
attrs = ["08a96c641c3a74e44eb59afb61a24f2cb9f4d7188748e76ba4bb5edfa3cb7d1c", "f7b7ce16570fe9965acd6d30101a28f62fb4a7f9e926b3bbc9b61f8b04247e72"]
chardet = ["84ab92ed1c4d4f16916e05906b6b75a6c0fb5db821cc65e70cbd64a3e2a5eaae", "fc323ffcaeaed0e0a02bf4d117757b98aed530d9ed4531e3e15460124c106691"]
discord = ["9d4debb4a37845543bd4b92cb195bc53a302797333e768e70344222857ff1559", "ff6653655e342e7721dfb3f10421345fd852c2a33f2cca912b1c39b3778a9429"]
"discord.py" = ["7c843b523bb011062b453864e75c7b675a03faf573c58d14c9f096e85984329d"]
dnspython = ["36c5e8e38d4369a08b6780b7f27d790a292b2b08eea01607865bf0936c558e01", "f69c21288a962f4da86e56c4905b49d11aba7938d3d740e80d9e366ee4f1632d"]
futures = ["3a44f286998ae64f0cc083682fcfec16c406134a81a589a5de445d7bb7c2751b", "51ecb45f0add83c806c68e4b06106f90db260585b25ef2abfcda0bd95c0132fd", "c4884a65654a7c45435063e14ae85280eb1f111d94e542396717ba9828c4337f"]
idna = ["c357b3f628cf53ae2c4c05627ecc484553142ca23264e593d327bcde5e9c3407", "ea8b7f6188e6fa117537c3df7da9fc686d485087abf6ac197f9c46432f7e4a3c"]
jinja2 = ["74320bb91f31270f9551d46522e33af46a80c3d619f4a4bf42b3164d30b5911f", "9fe95f19286cfefaa917656583d020be14e7859c6b0252588391e47db34527de"]
markupsafe = ["00bc623926325b26bb9605ae9eae8a215691f33cae5df11ca5424f06f2d1f473", "09027a7803a62ca78792ad89403b1b7a73a01c8cb65909cd876f7fcebd79b161", "09c4b7f37d6c648cb13f9230d847adf22f8171b1ccc4d5682398e77f40309235", "1027c282dad077d0bae18be6794e6b6b8c91d58ed8a8d89a89d59693b9131db5", "24982cc2533820871eba85ba648cd53d8623687ff11cbb805be4ff7b4c971aff", "29872e92839765e546828bb7754a68c418d927cd064fd4708fab9fe9c8bb116b", "43a55c2930bbc139570ac2452adf3d70cdbb3cfe5912c71cdce1c2c6bbd9c5d1", "46c99d2de99945ec5cb54f23c8cd5689f6d7177305ebff350a58ce5f8de1669e", "500d4957e52ddc3351cabf489e79c91c17f6e0899158447047588650b5e69183", "535f6fc4d397c1563d08b88e485c3496cf5784e927af890fb3c3aac7f933ec66", "62fe6c95e3ec8a7fad637b7f3d372c15ec1caa01ab47926cfdf7a75b40e0eac1", "6dd73240d2af64df90aa7c4e7481e23825ea70af4b4922f8ede5b9e35f78a3b1", "717ba8fe3ae9cc0006d7c451f0bb265ee07739daf76355d06366154ee68d221e", "79855e1c5b8da654cf486b830bd42c06e8780cea587384cf6545b7d9ac013a0b", "7c1699dfe0cf8ff607dbdcc1e9b9af1755371f92a68f706051cc8c37d447c905", "88e5fcfb52ee7b911e8bb6d6aa2fd21fbecc674eadd44118a9cc3863f938e735", "8defac2f2ccd6805ebf65f5eeb132adcf2ab57aa11fdf4c0dd5169a004710e7d", "98c7086708b163d425c67c7a91bad6e466bb99d797aa64f965e9d25c12111a5e", "9add70b36c5666a2ed02b43b335fe19002ee5235efd4b8a89bfcf9005bebac0d", "9bf40443012702a1d2070043cb6291650a0841ece432556f784f004937f0f32c", "ade5e387d2ad0d7ebf59146cc00c8044acbd863725f887353a10df825fc8ae21", "b00c1de48212e4cc9603895652c5c410df699856a2853135b3967591e4beebc2", "b1282f8c00509d99fef04d8ba936b156d419be841854fe901d8ae224c59f0be5", "b2051432115498d3562c084a49bba65d97cf251f5a331c64a12ee7e04dacc51b", "ba59edeaa2fc6114428f1637ffff42da1e311e29382d81b339c1817d37ec93c6", "c8716a48d94b06bb3b2524c2b77e055fb313aeb4ea620c8dd03a105574ba704f", "cd5df75523866410809ca100dc9681e301e3c27567cf498077e8551b6d20e42f", "e249096428b3ae81b08327a63a485ad0878de3fb939049038579ac0ef61e17e7"]
motor = ["599719bc6dcddc3b9ea4e09659fb0073d5fadcc24735999b2902f48cef33f909", "756c587985d166166e644ccd36fb8b586fb987eb42fc0fc60cce9a3d76d809b4", "97b4fc0a00a84df30f866d18693c503eef46c7642f75218a2c44d74d835be38a"]
multidict = ["0f04bf4c15d8417401a10a650c349ccc0285943681bfd87d3690587d7714a9b4", "15a61c0df2d32487e06f6084eabb48fd9e8b848315e397781a70caf9670c9d78", "3c5e2dcbe6b04cbb4303e47a896757a77b676c5e5db5528be7ff92f97ba7ab95", "5d2b32b890d9e933d3ced417924261802a857abdee9507b68c75014482145c03", "5e5fb8bfebf87f2e210306bf9dd8de2f1af6782b8b78e814060ae9254ab1f297", "63ba2be08d82ea2aa8b0f7942a74af4908664d26cb4ff60c58eadb1e33e7da00", "73740fcdb38f0adcec85e97db7557615b50ec4e5a3e73e35878720bcee963382", "78bed18e7f1eb21f3d10ff3acde900b4d630098648fe1d65bb4abfb3e22c4900", "a02fade7b5476c4f88efe9593ff2f3286698d8c6d715ba4f426954f73f382026", "aacbde3a8875352a640efa2d1b96e5244a29b0f8df79cbf1ec6470e86fd84697", "be813fb9e5ce41a5a99a29cdb857144a1bd6670883586f995b940a4878dc5238", "bfcad6da0b8839f01a819602aaa5c5a5b4c85ecbfae9b261a31df3d9262fb31e", "c2bfc0db3166e68515bc4a2b9164f4f75ae9c793e9635f8651f2c9ffc65c8dad", "c66d11870ae066499a3541963e6ce18512ca827c2aaeaa2f4e37501cee39ac5d", "cc7f2202b753f880c2e4123f9aacfdb94560ba893e692d24af271dac41f8b8d9", "d1f45e5bb126662ba66ee579831ce8837b1fd978115c9657e32eb3c75b92973d", "ed5f3378c102257df9e2dc9ce6468dabf68bee9ec34969cfdc472631aba00316"]
pymongo = ["0369136c6e79c5edc16aa5de2b48a1b1c1fe5e6f7fc5915a2deaa98bd6e9dad5", "08364e1bea1507c516b18b826ec790cb90433aec2f235033ec5eecfd1011633b", "0af1d2bc8cc9503bf92ec3669a77ec3a6d7938193b583fb867b7e9696eed52e8", "0cfd1aeeb8c0a634646ab3ebeb4ce6828b94b2e33553a69ff7e6c07c250bf201", "15bbd2b5397f7d22498e2f2769fd698a8a247b9cc1a630ee8dabf647fb333480", "1b4a13dff15641e58620524db15d7a323d60572b2b187261c5cb58c36d74778d", "22fbdb908257f9aaaa372a7684f3e094a05ca52eb84f8f381c8b1827c49556fd", "264272fd1c95fc48002ad85d5e41270831777b4180f2500943e45e12b2a3ab43", "3372e98eebbfd05ebf020388003f8a4438bed41e0fef1ef696d2c13633c416c8", "339d24ecdc42745d2dc09b26fda8151988e806ca81134a7bd10513c4031d91e1", "38281855fc3961ba5510fbb503b8d16cc1fcb326e9f7ba0dd096ed4eb72a7084", "4acdd2e16392472bfd49ca49038845c95e5254b5af862b55f7f2cc79aa258886", "4e0c006bc6e98e861b678432e05bf64ba3eb889b6ab7e7bf1ebaecf9f1ba0e58", "4e4284bcbe4b7be1b37f9641509085b715c478e7fbf8f820358362b5dd359379", "4e5e94a5f9823f0bd0c56012a57650bc6772636c29d83d253260c26b908fcfd9", "4e61f30800a40f1770b2ec56bbf5dc0f0e3f7e9250eb05fa4feb9ccb7bbe39ca", "53577cf57ba9d93b58ab41d45250277828ff83c5286dde14f855e4b17ec19976", "681cb31e8631882804a6cc3c8cc8f54a74ff3a82261a78e50f20c5eec05ac855", "6dfc2710f43dd1d66991a0f160d196356732ccc8aa9dbc6875aeba78388fa142", "72218201b13d8169be5736417987e9a0a3b10d4349e40e4db7a6a5ac670c7ef2", "7247fbcdbf7ab574eb70743461b3cfc14d9cfae3f27a9afb6ce14d87f67dd0b5", "72651f4b4adf50201891580506c8cca465d94d38f26ed92abfc56440662c723c", "87b3aaf12ad6a9b5570b12d2a4b8802757cb3588a903aafd3c25f07f9caf07e3", "87c28b7b37617c5a01eb396487f7d3b61a453e1fa0475a175ab87712d6f5d52f", "88efe627b628f36ef53f09abb218d4630f83d8ebde7028689439559475c43dae", "89bfbca22266f12df7fb80092b7c876734751d02b93789580b68957ad4a8bf56", "908a3caf348a672b28b8a06fe7b4a27c2fdcf7f873df671e4027d48bcd7f971f", "9128e7bea85f3a3041306fa14a7aa82a24b47881918500e1b8396dd1c933b5a6", "9737d6d688a15b8d5c0bfa909638b79261e195be817b9f1be79c722bbb23cd76", "98a8305da158f46e99e7e51db49a2f8b5fcdd7683ea7083988ccb9c4450507a6", "99285cd44c756f0900cbdb5fe75f567c0a76a273b7e0467f23cb76f47e60aac0", "9ed568f8026ffeb00ce31e5351e0d09d704cc19a29549ba4da0ac145d2a26fdf", "a006162035032021dfd00a879643dc06863dac275f9210d843278566c719eebc", "a03cb336bc8d25a11ff33b94967478a9775b0d2b23b39e952d9cc6cb93b75d69", "a863ceb67be163060d1099b7e89b6dd83d6dd50077c7ceae31ac844c4c2baff9", "b82628eaf0a16c1f50e1c205fd1dd406d7874037dd84643da89e91b5043b5e82", "bc6446a41fb7eeaf2c808bab961b9bac81db0f5de69eab74eebe1b8b072399f7", "c42d290ed54096355838421cf9d2a56e150cb533304d2439ef1adf612a986eaf", "c43879fe427ea6aa6e84dae9fbdc5aa14428a4cfe613fe0fee2cc004bf3f307c", "c566cbdd1863ba3ccf838656a1403c3c81fdb57cbe3fdd3515be7c9616763d33", "c5b7a0d7e6ca986de32b269b6dbbd5162c1a776ece72936f55decb4d1b197ee9", "ca109fe9f74da4930590bb589eb8fdf80e5d19f5cd9f337815cac9309bbd0a76", "d0260ba68f9bafd8775b2988b5aeace6e69a37593ec256e23e150c808160c05c", "d12d86e771fc3072a0e6bdbf4e417c63fec85ee47cb052ba7ad239403bf5e154", "d2ce33501149b373118fcfec88a292a87ef0b333fb30c7c6aac72fe64700bdf6", "d582ea8496e2a0e124e927a67dca55c8833f0dbfbc2c84aaf0e5949a2dd30c51", "d68b9ab0a900582a345fb279675b0ad4fac07d6a8c2678f12910d55083b7240d", "dbf1fa571db6006907aeaf6473580aaa76041f4f3cd1ff8a0039fd0f40b83f6d", "e032437a7d2b89dab880c79379d88059cee8019da0ff475d924c4ccab52db88f", "e0f5798f3ad60695465a093e3d002f609c41fef3dcb97fcefae355d24d3274cf", "e756355704a2cf91a7f4a649aa0bbf3bbd263018b9ed08f60198c262f4ee24b6", "e824b4b87bd88cbeb25c8babeadbbaaaf06f02bbb95a93462b7c6193a064974e", "ea1171470b52487152ed8bf27713cc2480dc8b0cd58e282a1bff742541efbfb8", "fa19aef44d5ed8f798a8136ff981aedfa508edac3b1bed481eca5dde5f14fd3d", "faf83d20c041637cb277e5fdb59abc217c40ab3202dd87cc95d6fbd9ce5ffd9b", "fceb6ae5a149a42766efb8344b0df6cfb21b55c55f360170abaddb11d43af0f1"]
websockets = ["0e2f7d6567838369af074f0ef4d0b802d19fa1fee135d864acc656ceefa33136", "2a16dac282b2fdae75178d0ed3d5b9bc3258dabfae50196cbb30578d84b6f6a6", "5a1fa6072405648cb5b3688e9ed3b94be683ce4a4e5723e6f5d34859dee495c1", "5c1f55a1274df9d6a37553fef8cff2958515438c58920897675c9bc70f5a0538", "669d1e46f165e0ad152ed8197f7edead22854a6c90419f544e0f234cc9dac6c4", "695e34c4dbea18d09ab2c258994a8bf6a09564e762655408241f6a14592d2908", "6b2e03d69afa8d20253455e67b64de1a82ff8612db105113cccec35d3f8429f0", "79ca7cdda7ad4e3663ea3c43bfa8637fc5d5604c7737f19a8964781abbd1148d", "7fd2dd9a856f72e6ed06f82facfce01d119b88457cd4b47b7ae501e8e11eba9c", "82c0354ac39379d836719a77ee360ef865377aa6fdead87909d50248d0f05f4d", "8f3b956d11c5b301206382726210dc1d3bee1a9ccf7aadf895aaf31f71c3716c", "91ec98640220ae05b34b79ee88abf27f97ef7c61cf525eec57ea8fcea9f7dddb", "952be9540d83dba815569d5cb5f31708801e0bbfc3a8c5aef1890b57ed7e58bf", "99ac266af38ba1b1fe13975aea01ac0e14bb5f3a3200d2c69f05385768b8568e", "9fa122e7adb24232247f8a89f2d9070bf64b7869daf93ac5e19546b409e47e96", "a0873eadc4b8ca93e2e848d490809e0123eea154aa44ecd0109c4d0171869584", "cb998bd4d93af46b8b49ecf5a72c0a98e5cc6d57fdca6527ba78ad89d6606484", "e02e57346f6a68523e3c43bbdf35dde5c440318d1f827208ae455f6a2ace446d", "e79a5a896bcee7fff24a788d72e5c69f13e61369d055f28113e71945a7eb1559", "ee55eb6bcf23ecc975e6b47c127c201b913598f38b6a300075f84eeef2d3baff", "f1414e6cbcea8d22843e7eafdfdfae3dd1aba41d1945f6ca66e4806c07c4f454"]
yarl = ["0c2ab325d33f1b824734b3ef51d4d54a54e0e7a23d13b86974507602334c2cce", "0ca2f395591bbd85ddd50a82eb1fde9c1066fafe888c5c7cc1d810cf03fd3cc6", "2098a4b4b9d75ee352807a95cdf5f10180db903bc5b7270715c6bbe2551f64ce", "25e66e5e2007c7a39541ca13b559cd8ebc2ad8fe00ea94a2aad28a9b1e44e5ae", "26d7c90cb04dee1665282a5d1a998defc1a9e012fdca0f33396f81508f49696d", "308b98b0c8cd1dfef1a0311dc5e38ae8f9b58349226aa0533f15a16717ad702f", "3ce3d4f7c6b69c4e4f0704b32eca8123b9c58ae91af740481aa57d7857b5e41b", "58cd9c469eced558cd81aa3f484b2924e8897049e06889e8ff2510435b7ef74b", "5b10eb0e7f044cf0b035112446b26a3a2946bca9d7d7edb5e54a2ad2f6652abb", "6faa19d3824c21bcbfdfce5171e193c8b4ddafdf0ac3f129ccf0cdfcb083e462", "944494be42fa630134bf907714d40207e646fd5a94423c90d5b514f7b0713fea", "a161de7e50224e8e3de6e184707476b5a989037dcb24292b391a3d66ff158e70", "a4844ebb2be14768f7994f2017f70aca39d658a96c786211be5ddbe1c68794c1", "c2b509ac3d4b988ae8769901c66345425e361d518aecbe4acbfc2567e416626a", "c9959d49a77b0e07559e579f38b2f3711c2b8716b8410b320bf9713013215a1b", "d8cdee92bc930d8b09d8bd2043cedd544d9c8bd7436a77678dd602467a993080", "e15199cdb423316e15f108f51249e44eb156ae5dba232cb73be555324a1d49c2"]
